{
  "name": "target-hunt-bridge",
  "version": "1.0.0",
  "lockfileVersion": 3,
  "requires": true,
  "packages": {
    "": {
      "name": "target-hunt-bridge",
      "version": "1.0.0",
      "license": "ISC",
      "dependencies": {
        "zod": "^3.22.4"
      },
      "devDependencies": {
        "basetag": "^2.1.0"
      }
    },
    "node_modules/basetag": {
      "version": "2.1.0",
      "resolved": "https://registry.npmjs.org/basetag/-/basetag-2.1.0.tgz",
      "integrity": "sha512-L77Q5OAAWEBxLxi8ExqZVJZ9BqzWq6tyq2QlFYKK2o2cI9l/HUk1KjowjLt3GB72Nchg+jV6ztiQT6agPy4quw==",
      "dev": true,
      "bin": {
        "basetag": "bin/index.js",
        "basetag-debase": "bin/debase.js",
        "basetag-link": "bin/link.js",
        "basetag-rebase": "bin/rebase.js"
      }
    },
    "node_modules/zod": {
      "version": "3.22.4",
      "resolved": "https://registry.npmjs.org/zod/-/zod-3.22.4.tgz",
      "integrity": "sha512-iC+8Io04lddc+mVqQ9AZ7OQ2MrUKGN+oIQyq1vemgt46jwCwLfhq7/pwnBnNXXXZb8VTVLKwp9EDkx+ryxIWmg==",
      "funding": {
        "url": "https://github.com/sponsors/colinhacks"
      }
    }
  }
}
